
Microsoft Visual Studio Solution File, Format Version 12.00
# Visual Studio Version 17
VisualStudioVersion = 17.14.36212.18 d17.14
MinimumVisualStudioVersion = 10.0.40219.1
Project("{FAE04EC0-301F-11D3-BF4B-00C04F79EFBC}") = "ECommerceSearchFunction", "ECommerceSearchFunction\ECommerceSearchFunction.csproj", "{E6E49430-4B44-4C05-87EA-A77C518DB516}"
EndProject
Global
	GlobalSection(SolutionConfigurationPlatforms) = preSolution
		Debug|Any CPU = Debug|Any CPU
		Release|Any CPU = Release|Any CPU
	EndGlobalSection
	GlobalSection(ProjectConfigurationPlatforms) = postSolution
		{E6E49430-4B44-4C05-87EA-A77C518DB516}.Debug|Any CPU.ActiveCfg = Debug|Any CPU
		{E6E49430-4B44-4C05-87EA-A77C518DB516}.Debug|Any CPU.Build.0 = Debug|Any CPU
		{E6E49430-4B44-4C05-87EA-A77C518DB516}.Release|Any CPU.ActiveCfg = Release|Any CPU
		{E6E49430-4B44-4C05-87EA-A77C518DB516}.Release|Any CPU.Build.0 = Release|Any CPU
	EndGlobalSection
	GlobalSection(SolutionProperties) = preSolution
		HideSolutionNode = FALSE
	EndGlobalSection
	GlobalSection(ExtensibilityGlobals) = postSolution
		SolutionGuid = {22556F89-4021-4836-990D-F003172A23F6}
	EndGlobalSection
EndGlobal
